
Microsoft Visual Studio Solution File, Format Version 12.00
Project("{FAE04EC0-301F-11D3-BF4B-00C04F79EFBC}") = "ZYQDManager", "ZYQDManager\ZYQDManager.csproj", "{DF61C2AF-017C-4411-9DAB-AB50B45112EA}"
EndProject
Global
	GlobalSection(SolutionConfigurationPlatforms) = preSolution
		Debug|Any CPU = Debug|Any CPU
		Release|Any CPU = Release|Any CPU
	EndGlobalSection
	GlobalSection(ProjectConfigurationPlatforms) = postSolution
		{DF61C2AF-017C-4411-9DAB-AB50B45112EA}.Debug|Any CPU.ActiveCfg = Debug|Any CPU
		{DF61C2AF-017C-4411-9DAB-AB50B45112EA}.Debug|Any CPU.Build.0 = Debug|Any CPU
		{DF61C2AF-017C-4411-9DAB-AB50B45112EA}.Release|Any CPU.ActiveCfg = Release|Any CPU
		{DF61C2AF-017C-4411-9DAB-AB50B45112EA}.Release|Any CPU.Build.0 = Release|Any CPU
	EndGlobalSection
EndGlobal
